<?xml version="1.0" encoding="utf-8"?>
<Project ToolsVersion="14.0" xmlns="http://schemas.microsoft.com/developer/msbuild/2003">
  <ItemGroup>
    <ClCompile Include="C:\Users\SilverJun\Desktop\프로젝트\SWING\src\Lexer.cpp">
      <Filter>Source Files</Filter>
    </ClCompile>
    <ClCompile Include="C:\Users\SilverJun\Desktop\프로젝트\SWING\src\main.cpp">
      <Filter>Source Files</Filter>
    </ClCompile>
  </ItemGroup>
  <ItemGroup>
    <Filter Include="Source Files">
      <UniqueIdentifier>{B6D26E19-F2DD-3F4F-A551-3D83EC686D1B}</UniqueIdentifier>
    </Filter>
  </ItemGroup>
</Project>