<?xml version="1.0" encoding="utf-8"?>
<Project ToolsVersion="14.0" xmlns="http://schemas.microsoft.com/developer/msbuild/2003">
  <ItemGroup>
    <ClCompile Include="C:\Users\SilverJun\Desktop\프로젝트\SWING\src\CommandLine.cpp">
      <Filter>Source Files</Filter>
    </ClCompile>
    <ClCompile Include="C:\Users\SilverJun\Desktop\프로젝트\SWING\src\Lexer.cpp">
      <Filter>Source Files</Filter>
    </ClCompile>
    <ClCompile Include="C:\Users\SilverJun\Desktop\프로젝트\SWING\src\Log.cpp">
      <Filter>Source Files</Filter>
    </ClCompile>
    <ClCompile Include="C:\Users\SilverJun\Desktop\프로젝트\SWING\src\Parser.cpp">
      <Filter>Source Files</Filter>
    </ClCompile>
    <ClCompile Include="C:\Users\SilverJun\Desktop\프로젝트\SWING\src\Project.cpp">
      <Filter>Source Files</Filter>
    </ClCompile>
    <ClCompile Include="C:\Users\SilverJun\Desktop\프로젝트\SWING\src\Source.cpp">
      <Filter>Source Files</Filter>
    </ClCompile>
    <ClCompile Include="C:\Users\SilverJun\Desktop\프로젝트\SWING\src\SwingCLI.cpp">
      <Filter>Source Files</Filter>
    </ClCompile>
    <ClCompile Include="C:\Users\SilverJun\Desktop\프로젝트\SWING\src\SwingCompiler.cpp">
      <Filter>Source Files</Filter>
    </ClCompile>
    <ClCompile Include="C:\Users\SilverJun\Desktop\프로젝트\SWING\src\SwingTable.cpp">
      <Filter>Source Files</Filter>
    </ClCompile>
    <ClCompile Include="C:\Users\SilverJun\Desktop\프로젝트\SWING\src\Token.cpp">
      <Filter>Source Files</Filter>
    </ClCompile>
    <ClCompile Include="C:\Users\SilverJun\Desktop\프로젝트\SWING\src\main.cpp">
      <Filter>Source Files</Filter>
    </ClCompile>
    <ClCompile Include="C:\Users\SilverJun\Desktop\프로젝트\SWING\src\AST\AtomAST.cpp">
      <Filter>AST</Filter>
    </ClCompile>
    <ClCompile Include="C:\Users\SilverJun\Desktop\프로젝트\SWING\src\AST\BaseAST.cpp">
      <Filter>AST</Filter>
    </ClCompile>
    <ClCompile Include="C:\Users\SilverJun\Desktop\프로젝트\SWING\src\AST\BinaryOpAST.cpp">
      <Filter>AST</Filter>
    </ClCompile>
    <ClCompile Include="C:\Users\SilverJun\Desktop\프로젝트\SWING\src\AST\CompoundAST.cpp">
      <Filter>AST</Filter>
    </ClCompile>
    <ClCompile Include="C:\Users\SilverJun\Desktop\프로젝트\SWING\src\AST\DeclAST.cpp">
      <Filter>AST</Filter>
    </ClCompile>
    <ClCompile Include="C:\Users\SilverJun\Desktop\프로젝트\SWING\src\AST\ExprAST.cpp">
      <Filter>AST</Filter>
    </ClCompile>
    <ClCompile Include="C:\Users\SilverJun\Desktop\프로젝트\SWING\src\AST\FunctionDeclAST.cpp">
      <Filter>AST</Filter>
    </ClCompile>
    <ClCompile Include="C:\Users\SilverJun\Desktop\프로젝트\SWING\src\AST\NilValueAST.cpp">
      <Filter>AST</Filter>
    </ClCompile>
    <ClCompile Include="C:\Users\SilverJun\Desktop\프로젝트\SWING\src\AST\OperatorDeclAST.cpp">
      <Filter>AST</Filter>
    </ClCompile>
    <ClCompile Include="C:\Users\SilverJun\Desktop\프로젝트\SWING\src\AST\SourceAST.cpp">
      <Filter>AST</Filter>
    </ClCompile>
    <ClCompile Include="C:\Users\SilverJun\Desktop\프로젝트\SWING\src\AST\UnaryOpAST.cpp">
      <Filter>AST</Filter>
    </ClCompile>
    <ClCompile Include="C:\Users\SilverJun\Desktop\프로젝트\SWING\src\AST\VariableDeclAST.cpp">
      <Filter>AST</Filter>
    </ClCompile>
    <ClCompile Include="..\..\src\AST\SwingLibDeclAST.cpp">
      <Filter>AST</Filter>
    </ClCompile>
  </ItemGroup>
  <ItemGroup>
    <ClInclude Include="C:\Users\SilverJun\Desktop\프로젝트\SWING\src\CommandLine.h">
      <Filter>Header Files</Filter>
    </ClInclude>
    <ClInclude Include="C:\Users\SilverJun\Desktop\프로젝트\SWING\src\Error.h">
      <Filter>Header Files</Filter>
    </ClInclude>
    <ClInclude Include="C:\Users\SilverJun\Desktop\프로젝트\SWING\src\LLVMHeader.h">
      <Filter>Header Files</Filter>
    </ClInclude>
    <ClInclude Include="C:\Users\SilverJun\Desktop\프로젝트\SWING\src\Lexer.h">
      <Filter>Header Files</Filter>
    </ClInclude>
    <ClInclude Include="C:\Users\SilverJun\Desktop\프로젝트\SWING\src\Log.h">
      <Filter>Header Files</Filter>
    </ClInclude>
    <ClInclude Include="C:\Users\SilverJun\Desktop\프로젝트\SWING\src\Parser.h">
      <Filter>Header Files</Filter>
    </ClInclude>
    <ClInclude Include="C:\Users\SilverJun\Desktop\프로젝트\SWING\src\Project.h">
      <Filter>Header Files</Filter>
    </ClInclude>
    <ClInclude Include="C:\Users\SilverJun\Desktop\프로젝트\SWING\src\Source.h">
      <Filter>Header Files</Filter>
    </ClInclude>
    <ClInclude Include="C:\Users\SilverJun\Desktop\프로젝트\SWING\src\SwingCLI.h">
      <Filter>Header Files</Filter>
    </ClInclude>
    <ClInclude Include="C:\Users\SilverJun\Desktop\프로젝트\SWING\src\SwingCompiler.h">
      <Filter>Header Files</Filter>
    </ClInclude>
    <ClInclude Include="C:\Users\SilverJun\Desktop\프로젝트\SWING\src\SwingTable.h">
      <Filter>Header Files</Filter>
    </ClInclude>
    <ClInclude Include="C:\Users\SilverJun\Desktop\프로젝트\SWING\src\Token.h">
      <Filter>Header Files</Filter>
    </ClInclude>
    <ClInclude Include="C:\Users\SilverJun\Desktop\프로젝트\SWING\src\AST\AtomAST.h">
      <Filter>AST</Filter>
    </ClInclude>
    <ClInclude Include="C:\Users\SilverJun\Desktop\프로젝트\SWING\src\AST\BaseAST.h">
      <Filter>AST</Filter>
    </ClInclude>
    <ClInclude Include="C:\Users\SilverJun\Desktop\프로젝트\SWING\src\AST\BinaryOpAST.h">
      <Filter>AST</Filter>
    </ClInclude>
    <ClInclude Include="C:\Users\SilverJun\Desktop\프로젝트\SWING\src\AST\BlockAST.h">
      <Filter>AST</Filter>
    </ClInclude>
    <ClInclude Include="C:\Users\SilverJun\Desktop\프로젝트\SWING\src\AST\CompoundAST.h">
      <Filter>AST</Filter>
    </ClInclude>
    <ClInclude Include="C:\Users\SilverJun\Desktop\프로젝트\SWING\src\AST\ConstStringExprAST.h">
      <Filter>AST</Filter>
    </ClInclude>
    <ClInclude Include="C:\Users\SilverJun\Desktop\프로젝트\SWING\src\AST\ConstValueAST.h">
      <Filter>AST</Filter>
    </ClInclude>
    <ClInclude Include="C:\Users\SilverJun\Desktop\프로젝트\SWING\src\AST\DeclAST.h">
      <Filter>AST</Filter>
    </ClInclude>
    <ClInclude Include="C:\Users\SilverJun\Desktop\프로젝트\SWING\src\AST\ExprAST.h">
      <Filter>AST</Filter>
    </ClInclude>
    <ClInclude Include="C:\Users\SilverJun\Desktop\프로젝트\SWING\src\AST\ForAST.h">
      <Filter>AST</Filter>
    </ClInclude>
    <ClInclude Include="C:\Users\SilverJun\Desktop\프로젝트\SWING\src\AST\FunctionCallAST.h">
      <Filter>AST</Filter>
    </ClInclude>
    <ClInclude Include="C:\Users\SilverJun\Desktop\프로젝트\SWING\src\AST\FunctionDeclAST.h">
      <Filter>AST</Filter>
    </ClInclude>
    <ClInclude Include="C:\Users\SilverJun\Desktop\프로젝트\SWING\src\AST\FunctionPrototypeAST.h">
      <Filter>AST</Filter>
    </ClInclude>
    <ClInclude Include="C:\Users\SilverJun\Desktop\프로젝트\SWING\src\AST\GuardAST.h">
      <Filter>AST</Filter>
    </ClInclude>
    <ClInclude Include="C:\Users\SilverJun\Desktop\프로젝트\SWING\src\AST\IfAST.h">
      <Filter>AST</Filter>
    </ClInclude>
    <ClInclude Include="C:\Users\SilverJun\Desktop\프로젝트\SWING\src\AST\NilValueAST.h">
      <Filter>AST</Filter>
    </ClInclude>
    <ClInclude Include="C:\Users\SilverJun\Desktop\프로젝트\SWING\src\AST\OperatorDeclAST.h">
      <Filter>AST</Filter>
    </ClInclude>
    <ClInclude Include="C:\Users\SilverJun\Desktop\프로젝트\SWING\src\AST\ReturnAST.h">
      <Filter>AST</Filter>
    </ClInclude>
    <ClInclude Include="C:\Users\SilverJun\Desktop\프로젝트\SWING\src\AST\SourceAST.h">
      <Filter>AST</Filter>
    </ClInclude>
    <ClInclude Include="C:\Users\SilverJun\Desktop\프로젝트\SWING\src\AST\StmtAST.h">
      <Filter>AST</Filter>
    </ClInclude>
    <ClInclude Include="C:\Users\SilverJun\Desktop\프로젝트\SWING\src\AST\SwitchAST.h">
      <Filter>AST</Filter>
    </ClInclude>
    <ClInclude Include="C:\Users\SilverJun\Desktop\프로젝트\SWING\src\AST\UnaryOpAST.h">
      <Filter>AST</Filter>
    </ClInclude>
    <ClInclude Include="C:\Users\SilverJun\Desktop\프로젝트\SWING\src\AST\VariableAST.h">
      <Filter>AST</Filter>
    </ClInclude>
    <ClInclude Include="C:\Users\SilverJun\Desktop\프로젝트\SWING\src\AST\VariableDeclAST.h">
      <Filter>AST</Filter>
    </ClInclude>
    <ClInclude Include="C:\Users\SilverJun\Desktop\프로젝트\SWING\src\AST\WhileAST.h">
      <Filter>AST</Filter>
    </ClInclude>
    <ClInclude Include="C:\Users\SilverJun\Desktop\프로젝트\SWING\src\Type\Class.h">
      <Filter>Type</Filter>
    </ClInclude>
    <ClInclude Include="C:\Users\SilverJun\Desktop\프로젝트\SWING\src\Type\Enum.h">
      <Filter>Type</Filter>
    </ClInclude>
    <ClInclude Include="C:\Users\SilverJun\Desktop\프로젝트\SWING\src\Type\Method.h">
      <Filter>Type</Filter>
    </ClInclude>
    <ClInclude Include="C:\Users\SilverJun\Desktop\프로젝트\SWING\src\Type\Operator.h">
      <Filter>Type</Filter>
    </ClInclude>
    <ClInclude Include="C:\Users\SilverJun\Desktop\프로젝트\SWING\src\Type\Protocol.h">
      <Filter>Type</Filter>
    </ClInclude>
    <ClInclude Include="C:\Users\SilverJun\Desktop\프로젝트\SWING\src\Type\StoredProperty.h">
      <Filter>Type</Filter>
    </ClInclude>
    <ClInclude Include="C:\Users\SilverJun\Desktop\프로젝트\SWING\src\Type\StructType.h">
      <Filter>Type</Filter>
    </ClInclude>
    <ClInclude Include="C:\Users\SilverJun\Desktop\프로젝트\SWING\src\Type\Type.h">
      <Filter>Type</Filter>
    </ClInclude>
    <ClInclude Include="C:\Users\SilverJun\Desktop\프로젝트\SWING\src\Type\Variable.h">
      <Filter>Type</Filter>
    </ClInclude>
    <ClInclude Include="..\..\src\AST\SwingLibDeclAST.h">
      <Filter>AST</Filter>
    </ClInclude>
  </ItemGroup>
  <ItemGroup>
    <Filter Include="Source Files">
      <UniqueIdentifier>{DE16380A-D6B4-3213-B0CE-6FD08A6D69A2}</UniqueIdentifier>
    </Filter>
    <Filter Include="Header Files">
      <UniqueIdentifier>{81EBC675-376B-3151-8495-7FF9F020D4C7}</UniqueIdentifier>
    </Filter>
    <Filter Include="AST">
      <UniqueIdentifier>{577BEDEC-ECA6-30AC-9679-D7F3FF54AAFA}</UniqueIdentifier>
    </Filter>
    <Filter Include="Type">
      <UniqueIdentifier>{364D4DEF-710A-3DEF-A085-85D62B9B1170}</UniqueIdentifier>
    </Filter>
  </ItemGroup>
</Project>